// !$*UTF8*$!
{
	archiveVersion = 1;
	classes = {
	};
	objectVersion = 48;
	objects = {

/* Begin PBXBuildFile section */
		27437255202E7917003855A7 /* FadeTransition.swift in Sources */ = {isa = PBXBuildFile; fileRef = 27437254202E7917003855A7 /* FadeTransition.swift */; };
		27437257202E7949003855A7 /* UIViewController.swift in Sources */ = {isa = PBXBuildFile; fileRef = 27437256202E7949003855A7 /* UIViewController.swift */; };
		274BB1C6202FB0520085E868 /* Species.swift in Sources */ = {isa = PBXBuildFile; fileRef = 274BB1C5202FB0520085E868 /* Species.swift */; };
		27715DE92031228E00FC4686 /* ExternalURLS.swift in Sources */ = {isa = PBXBuildFile; fileRef = 27715DE82031228E00FC4686 /* ExternalURLS.swift */; };
		27798062202E55F80085CFDF /* NoConnectivityViewController.swift in Sources */ = {isa = PBXBuildFile; fileRef = 27798060202E55F80085CFDF /* NoConnectivityViewController.swift */; };
		27798063202E55F80085CFDF /* NoConnectivityViewController.xib in Resources */ = {isa = PBXBuildFile; fileRef = 27798061202E55F80085CFDF /* NoConnectivityViewController.xib */; };
		278810F3202E0AA500064363 /* BaseViewController.swift in Sources */ = {isa = PBXBuildFile; fileRef = 278810F2202E0AA500064363 /* BaseViewController.swift */; };
		278810F6202E27C300064363 /* UIColor.swift in Sources */ = {isa = PBXBuildFile; fileRef = 278810F5202E27C300064363 /* UIColor.swift */; };
		278810FA202E2C7300064363 /* NavigationController.swift in Sources */ = {isa = PBXBuildFile; fileRef = 278810F9202E2C7300064363 /* NavigationController.swift */; };
		27AF6C64202E014200F208DA /* AppDelegate.swift in Sources */ = {isa = PBXBuildFile; fileRef = 27AF6C63202E014200F208DA /* AppDelegate.swift */; };
		27AF6C6D202E014200F208DA /* Assets.xcassets in Resources */ = {isa = PBXBuildFile; fileRef = 27AF6C6C202E014200F208DA /* Assets.xcassets */; };
		27AF6C7D202E055100F208DA /* RootViewController.swift in Sources */ = {isa = PBXBuildFile; fileRef = 27AF6C7B202E055100F208DA /* RootViewController.swift */; };
		27AF6C7E202E055100F208DA /* RootViewController.xib in Resources */ = {isa = PBXBuildFile; fileRef = 27AF6C7C202E055100F208DA /* RootViewController.xib */; };
		27AF6C84202E070100F208DA /* PeopleViewController.swift in Sources */ = {isa = PBXBuildFile; fileRef = 27AF6C82202E070100F208DA /* PeopleViewController.swift */; };
		27AF6C85202E070100F208DA /* PeopleViewController.xib in Resources */ = {isa = PBXBuildFile; fileRef = 27AF6C83202E070100F208DA /* PeopleViewController.xib */; };
		27AF6C88202E070C00F208DA /* AboutViewController.swift in Sources */ = {isa = PBXBuildFile; fileRef = 27AF6C86202E070C00F208DA /* AboutViewController.swift */; };
		27AF6C89202E070C00F208DA /* AboutViewController.xib in Resources */ = {isa = PBXBuildFile; fileRef = 27AF6C87202E070C00F208DA /* AboutViewController.xib */; };
		27B27F042030803C005DDEB6 /* PersonDetailsViewController.swift in Sources */ = {isa = PBXBuildFile; fileRef = 27B27F022030803C005DDEB6 /* PersonDetailsViewController.swift */; };
		27B27F052030803C005DDEB6 /* PersonDetailsViewController.xib in Resources */ = {isa = PBXBuildFile; fileRef = 27B27F032030803C005DDEB6 /* PersonDetailsViewController.xib */; };
		27B27F0720308054005DDEB6 /* PersonDetailsViewModel.swift in Sources */ = {isa = PBXBuildFile; fileRef = 27B27F0620308054005DDEB6 /* PersonDetailsViewModel.swift */; };
		27B27F0920308346005DDEB6 /* Vehicle.swift in Sources */ = {isa = PBXBuildFile; fileRef = 27B27F0820308346005DDEB6 /* Vehicle.swift */; };
		27B27F0B203085E6005DDEB6 /* StarWarsDataManager.swift in Sources */ = {isa = PBXBuildFile; fileRef = 27B27F0A203085E6005DDEB6 /* StarWarsDataManager.swift */; };
		27B27F0D2030860D005DDEB6 /* DataManagerError.swift in Sources */ = {isa = PBXBuildFile; fileRef = 27B27F0C2030860D005DDEB6 /* DataManagerError.swift */; };
		27B27F0F20309518005DDEB6 /* Planet.swift in Sources */ = {isa = PBXBuildFile; fileRef = 27B27F0E20309518005DDEB6 /* Planet.swift */; };
		27C457ED202F3646005A5AC6 /* StarWarsAPI.swift in Sources */ = {isa = PBXBuildFile; fileRef = 27C457EC202F3646005A5AC6 /* StarWarsAPI.swift */; };
		27C457EF202F3877005A5AC6 /* String.swift in Sources */ = {isa = PBXBuildFile; fileRef = 27C457EE202F3877005A5AC6 /* String.swift */; };
		27C457F1202F39B7005A5AC6 /* StarWarsNetwork.swift in Sources */ = {isa = PBXBuildFile; fileRef = 27C457F0202F39B7005A5AC6 /* StarWarsNetwork.swift */; };
		27C457F3202F3BF7005A5AC6 /* DataDependencies.swift in Sources */ = {isa = PBXBuildFile; fileRef = 27C457F2202F3BF7005A5AC6 /* DataDependencies.swift */; };
		27C457F5202F3C66005A5AC6 /* DataDependencyProtocol.swift in Sources */ = {isa = PBXBuildFile; fileRef = 27C457F4202F3C66005A5AC6 /* DataDependencyProtocol.swift */; };
		27C457FA202F3D75005A5AC6 /* Result.swift in Sources */ = {isa = PBXBuildFile; fileRef = 27C457F9202F3D75005A5AC6 /* Result.swift */; };
		27C457FC202F3DF8005A5AC6 /* UITableView.swift in Sources */ = {isa = PBXBuildFile; fileRef = 27C457FB202F3DF8005A5AC6 /* UITableView.swift */; };
		27C457FE202F3E55005A5AC6 /* Identifiable.swift in Sources */ = {isa = PBXBuildFile; fileRef = 27C457FD202F3E55005A5AC6 /* Identifiable.swift */; };
		27C45800202F3E72005A5AC6 /* UITableViewCell.swift in Sources */ = {isa = PBXBuildFile; fileRef = 27C457FF202F3E72005A5AC6 /* UITableViewCell.swift */; };
		27C45802202F4C7A005A5AC6 /* UICollectionView.swift in Sources */ = {isa = PBXBuildFile; fileRef = 27C45801202F4C7A005A5AC6 /* UICollectionView.swift */; };
		27C45804202F4C88005A5AC6 /* UICollectionViewCell.swift in Sources */ = {isa = PBXBuildFile; fileRef = 27C45803202F4C88005A5AC6 /* UICollectionViewCell.swift */; };
		27C45808202F5016005A5AC6 /* PersonCell.swift in Sources */ = {isa = PBXBuildFile; fileRef = 27C45806202F5016005A5AC6 /* PersonCell.swift */; };
		27C45809202F5016005A5AC6 /* PersonCell.xib in Resources */ = {isa = PBXBuildFile; fileRef = 27C45807202F5016005A5AC6 /* PersonCell.xib */; };
		27C4580B202F5510005A5AC6 /* PersonCellViewModel.swift in Sources */ = {isa = PBXBuildFile; fileRef = 27C4580A202F5510005A5AC6 /* PersonCellViewModel.swift */; };
		27C4580D202F55E4005A5AC6 /* Person.swift in Sources */ = {isa = PBXBuildFile; fileRef = 27C4580C202F55E4005A5AC6 /* Person.swift */; };
		27C45816202F57FF005A5AC6 /* PeopleViewModel.swift in Sources */ = {isa = PBXBuildFile; fileRef = 27C45815202F57FF005A5AC6 /* PeopleViewModel.swift */; };
		27C45818202F777F005A5AC6 /* PeoplePage.swift in Sources */ = {isa = PBXBuildFile; fileRef = 27C45817202F777F005A5AC6 /* PeoplePage.swift */; };
		27C4581A202F9006005A5AC6 /* Roundable.swift in Sources */ = {isa = PBXBuildFile; fileRef = 27C45819202F9006005A5AC6 /* Roundable.swift */; };
		27C4581D202F9045005A5AC6 /* ProfileImageView.swift in Sources */ = {isa = PBXBuildFile; fileRef = 27C4581C202F9045005A5AC6 /* ProfileImageView.swift */; };
		27C45821202F976F005A5AC6 /* AboutCell.swift in Sources */ = {isa = PBXBuildFile; fileRef = 27C4581F202F976F005A5AC6 /* AboutCell.swift */; };
		27C45822202F976F005A5AC6 /* AboutCell.xib in Resources */ = {isa = PBXBuildFile; fileRef = 27C45820202F976F005A5AC6 /* AboutCell.xib */; };
		27C45824202F98EA005A5AC6 /* AboutCellViewModel.swift in Sources */ = {isa = PBXBuildFile; fileRef = 27C45823202F98EA005A5AC6 /* AboutCellViewModel.swift */; };
		27C45829202F99C8005A5AC6 /* AboutViewModel.swift in Sources */ = {isa = PBXBuildFile; fileRef = 27C45828202F99C8005A5AC6 /* AboutViewModel.swift */; };
		27E5875F202E5ED7003E3138 /* ReachabilityProtocol.swift in Sources */ = {isa = PBXBuildFile; fileRef = 27E5875E202E5ED7003E3138 /* ReachabilityProtocol.swift */; };
		27E58764202E6E49003E3138 /* NoConnectivityViewViewModel.swift in Sources */ = {isa = PBXBuildFile; fileRef = 27E58763202E6E49003E3138 /* NoConnectivityViewViewModel.swift */; };
		27E58767202E7270003E3138 /* BaseViewModel.swift in Sources */ = {isa = PBXBuildFile; fileRef = 27E58766202E7270003E3138 /* BaseViewModel.swift */; };
		5418CEFA44ED08C03AD58204 /* Pods_Swars.framework in Frameworks */ = {isa = PBXBuildFile; fileRef = 38B36DA01CE2843B3D8FFAF7 /* Pods_Swars.framework */; };
/* End PBXBuildFile section */

/* Begin PBXFileReference section */
		27437254202E7917003855A7 /* FadeTransition.swift */ = {isa = PBXFileReference; lastKnownFileType = sourcecode.swift; path = FadeTransition.swift; sourceTree = "<group>"; };
		27437256202E7949003855A7 /* UIViewController.swift */ = {isa = PBXFileReference; lastKnownFileType = sourcecode.swift; path = UIViewController.swift; sourceTree = "<group>"; };
		274BB1C5202FB0520085E868 /* Species.swift */ = {isa = PBXFileReference; lastKnownFileType = sourcecode.swift; path = Species.swift; sourceTree = "<group>"; };
		27715DE82031228E00FC4686 /* ExternalURLS.swift */ = {isa = PBXFileReference; lastKnownFileType = sourcecode.swift; path = ExternalURLS.swift; sourceTree = "<group>"; };
		27798060202E55F80085CFDF /* NoConnectivityViewController.swift */ = {isa = PBXFileReference; lastKnownFileType = sourcecode.swift; path = NoConnectivityViewController.swift; sourceTree = "<group>"; };
		27798061202E55F80085CFDF /* NoConnectivityViewController.xib */ = {isa = PBXFileReference; lastKnownFileType = file.xib; path = NoConnectivityViewController.xib; sourceTree = "<group>"; };
		278810F2202E0AA500064363 /* BaseViewController.swift */ = {isa = PBXFileReference; lastKnownFileType = sourcecode.swift; path = BaseViewController.swift; sourceTree = "<group>"; };
		278810F5202E27C300064363 /* UIColor.swift */ = {isa = PBXFileReference; lastKnownFileType = sourcecode.swift; path = UIColor.swift; sourceTree = "<group>"; };
		278810F9202E2C7300064363 /* NavigationController.swift */ = {isa = PBXFileReference; lastKnownFileType = sourcecode.swift; path = NavigationController.swift; sourceTree = "<group>"; };
		27AF6C60202E014200F208DA /* Swars.app */ = {isa = PBXFileReference; explicitFileType = wrapper.application; includeInIndex = 0; path = Swars.app; sourceTree = BUILT_PRODUCTS_DIR; };
		27AF6C63202E014200F208DA /* AppDelegate.swift */ = {isa = PBXFileReference; lastKnownFileType = sourcecode.swift; path = AppDelegate.swift; sourceTree = "<group>"; };
		27AF6C6C202E014200F208DA /* Assets.xcassets */ = {isa = PBXFileReference; lastKnownFileType = folder.assetcatalog; path = Assets.xcassets; sourceTree = "<group>"; };
		27AF6C71202E014200F208DA /* Info.plist */ = {isa = PBXFileReference; lastKnownFileType = text.plist.xml; path = Info.plist; sourceTree = "<group>"; };
		27AF6C7B202E055100F208DA /* RootViewController.swift */ = {isa = PBXFileReference; lastKnownFileType = sourcecode.swift; path = RootViewController.swift; sourceTree = "<group>"; };
		27AF6C7C202E055100F208DA /* RootViewController.xib */ = {isa = PBXFileReference; lastKnownFileType = file.xib; path = RootViewController.xib; sourceTree = "<group>"; };
		27AF6C82202E070100F208DA /* PeopleViewController.swift */ = {isa = PBXFileReference; lastKnownFileType = sourcecode.swift; path = PeopleViewController.swift; sourceTree = "<group>"; };
		27AF6C83202E070100F208DA /* PeopleViewController.xib */ = {isa = PBXFileReference; lastKnownFileType = file.xib; path = PeopleViewController.xib; sourceTree = "<group>"; };
		27AF6C86202E070C00F208DA /* AboutViewController.swift */ = {isa = PBXFileReference; lastKnownFileType = sourcecode.swift; path = AboutViewController.swift; sourceTree = "<group>"; };
		27AF6C87202E070C00F208DA /* AboutViewController.xib */ = {isa = PBXFileReference; lastKnownFileType = file.xib; path = AboutViewController.xib; sourceTree = "<group>"; };
		27B27F022030803C005DDEB6 /* PersonDetailsViewController.swift */ = {isa = PBXFileReference; lastKnownFileType = sourcecode.swift; path = PersonDetailsViewController.swift; sourceTree = "<group>"; };
		27B27F032030803C005DDEB6 /* PersonDetailsViewController.xib */ = {isa = PBXFileReference; lastKnownFileType = file.xib; path = PersonDetailsViewController.xib; sourceTree = "<group>"; };
		27B27F0620308054005DDEB6 /* PersonDetailsViewModel.swift */ = {isa = PBXFileReference; lastKnownFileType = sourcecode.swift; path = PersonDetailsViewModel.swift; sourceTree = "<group>"; };
		27B27F0820308346005DDEB6 /* Vehicle.swift */ = {isa = PBXFileReference; lastKnownFileType = sourcecode.swift; path = Vehicle.swift; sourceTree = "<group>"; };
		27B27F0A203085E6005DDEB6 /* StarWarsDataManager.swift */ = {isa = PBXFileReference; lastKnownFileType = sourcecode.swift; path = StarWarsDataManager.swift; sourceTree = "<group>"; };
		27B27F0C2030860D005DDEB6 /* DataManagerError.swift */ = {isa = PBXFileReference; lastKnownFileType = sourcecode.swift; path = DataManagerError.swift; sourceTree = "<group>"; };
		27B27F0E20309518005DDEB6 /* Planet.swift */ = {isa = PBXFileReference; lastKnownFileType = sourcecode.swift; path = Planet.swift; sourceTree = "<group>"; };
		27C457EC202F3646005A5AC6 /* StarWarsAPI.swift */ = {isa = PBXFileReference; lastKnownFileType = sourcecode.swift; path = StarWarsAPI.swift; sourceTree = "<group>"; };
		27C457EE202F3877005A5AC6 /* String.swift */ = {isa = PBXFileReference; lastKnownFileType = sourcecode.swift; path = String.swift; sourceTree = "<group>"; };
		27C457F0202F39B7005A5AC6 /* StarWarsNetwork.swift */ = {isa = PBXFileReference; lastKnownFileType = sourcecode.swift; path = StarWarsNetwork.swift; sourceTree = "<group>"; };
		27C457F2202F3BF7005A5AC6 /* DataDependencies.swift */ = {isa = PBXFileReference; lastKnownFileType = sourcecode.swift; path = DataDependencies.swift; sourceTree = "<group>"; };
		27C457F4202F3C66005A5AC6 /* DataDependencyProtocol.swift */ = {isa = PBXFileReference; lastKnownFileType = sourcecode.swift; path = DataDependencyProtocol.swift; sourceTree = "<group>"; };
		27C457F9202F3D75005A5AC6 /* Result.swift */ = {isa = PBXFileReference; lastKnownFileType = sourcecode.swift; path = Result.swift; sourceTree = "<group>"; };
		27C457FB202F3DF8005A5AC6 /* UITableView.swift */ = {isa = PBXFileReference; lastKnownFileType = sourcecode.swift; path = UITableView.swift; sourceTree = "<group>"; };
		27C457FD202F3E55005A5AC6 /* Identifiable.swift */ = {isa = PBXFileReference; lastKnownFileType = sourcecode.swift; path = Identifiable.swift; sourceTree = "<group>"; };
		27C457FF202F3E72005A5AC6 /* UITableViewCell.swift */ = {isa = PBXFileReference; lastKnownFileType = sourcecode.swift; path = UITableViewCell.swift; sourceTree = "<group>"; };
		27C45801202F4C7A005A5AC6 /* UICollectionView.swift */ = {isa = PBXFileReference; lastKnownFileType = sourcecode.swift; path = UICollectionView.swift; sourceTree = "<group>"; };
		27C45803202F4C88005A5AC6 /* UICollectionViewCell.swift */ = {isa = PBXFileReference; lastKnownFileType = sourcecode.swift; path = UICollectionViewCell.swift; sourceTree = "<group>"; };
		27C45806202F5016005A5AC6 /* PersonCell.swift */ = {isa = PBXFileReference; lastKnownFileType = sourcecode.swift; path = PersonCell.swift; sourceTree = "<group>"; };
		27C45807202F5016005A5AC6 /* PersonCell.xib */ = {isa = PBXFileReference; lastKnownFileType = file.xib; path = PersonCell.xib; sourceTree = "<group>"; };
		27C4580A202F5510005A5AC6 /* PersonCellViewModel.swift */ = {isa = PBXFileReference; lastKnownFileType = sourcecode.swift; path = PersonCellViewModel.swift; sourceTree = "<group>"; };
		27C4580C202F55E4005A5AC6 /* Person.swift */ = {isa = PBXFileReference; lastKnownFileType = sourcecode.swift; path = Person.swift; sourceTree = "<group>"; };
		27C45815202F57FF005A5AC6 /* PeopleViewModel.swift */ = {isa = PBXFileReference; lastKnownFileType = sourcecode.swift; path = PeopleViewModel.swift; sourceTree = "<group>"; };
		27C45817202F777F005A5AC6 /* PeoplePage.swift */ = {isa = PBXFileReference; lastKnownFileType = sourcecode.swift; path = PeoplePage.swift; sourceTree = "<group>"; };
		27C45819202F9006005A5AC6 /* Roundable.swift */ = {isa = PBXFileReference; lastKnownFileType = sourcecode.swift; path = Roundable.swift; sourceTree = "<group>"; };
		27C4581C202F9045005A5AC6 /* ProfileImageView.swift */ = {isa = PBXFileReference; lastKnownFileType = sourcecode.swift; path = ProfileImageView.swift; sourceTree = "<group>"; };
		27C4581F202F976F005A5AC6 /* AboutCell.swift */ = {isa = PBXFileReference; lastKnownFileType = sourcecode.swift; path = AboutCell.swift; sourceTree = "<group>"; };
		27C45820202F976F005A5AC6 /* AboutCell.xib */ = {isa = PBXFileReference; lastKnownFileType = file.xib; path = AboutCell.xib; sourceTree = "<group>"; };
		27C45823202F98EA005A5AC6 /* AboutCellViewModel.swift */ = {isa = PBXFileReference; lastKnownFileType = sourcecode.swift; path = AboutCellViewModel.swift; sourceTree = "<group>"; };
		27C45828202F99C8005A5AC6 /* AboutViewModel.swift */ = {isa = PBXFileReference; lastKnownFileType = sourcecode.swift; path = AboutViewModel.swift; sourceTree = "<group>"; };
		27E5875E202E5ED7003E3138 /* ReachabilityProtocol.swift */ = {isa = PBXFileReference; lastKnownFileType = sourcecode.swift; path = ReachabilityProtocol.swift; sourceTree = "<group>"; };
		27E58763202E6E49003E3138 /* NoConnectivityViewViewModel.swift */ = {isa = PBXFileReference; lastKnownFileType = sourcecode.swift; path = NoConnectivityViewViewModel.swift; sourceTree = "<group>"; };
		27E58766202E7270003E3138 /* BaseViewModel.swift */ = {isa = PBXFileReference; lastKnownFileType = sourcecode.swift; path = BaseViewModel.swift; sourceTree = "<group>"; };
		38B36DA01CE2843B3D8FFAF7 /* Pods_Swars.framework */ = {isa = PBXFileReference; explicitFileType = wrapper.framework; includeInIndex = 0; path = Pods_Swars.framework; sourceTree = BUILT_PRODUCTS_DIR; };
		610B93CC254E7F765A0E2A0C /* Pods-Swars.release.xcconfig */ = {isa = PBXFileReference; includeInIndex = 1; lastKnownFileType = text.xcconfig; name = "Pods-Swars.release.xcconfig"; path = "Pods/Target Support Files/Pods-Swars/Pods-Swars.release.xcconfig"; sourceTree = "<group>"; };
		E07F3B5ACCDA172D2F983136 /* Pods-Swars.debug.xcconfig */ = {isa = PBXFileReference; includeInIndex = 1; lastKnownFileType = text.xcconfig; name = "Pods-Swars.debug.xcconfig"; path = "Pods/Target Support Files/Pods-Swars/Pods-Swars.debug.xcconfig"; sourceTree = "<group>"; };
/* End PBXFileReference section */

/* Begin PBXFrameworksBuildPhase section */
		27AF6C5D202E014200F208DA /* Frameworks */ = {
			isa = PBXFrameworksBuildPhase;
			buildActionMask = 2147483647;
			files = (
				5418CEFA44ED08C03AD58204 /* Pods_Swars.framework in Frameworks */,
			);
			runOnlyForDeploymentPostprocessing = 0;
		};
/* End PBXFrameworksBuildPhase section */

/* Begin PBXGroup section */
		0B1AAC0E025D5727C475AE30 /* Pods */ = {
			isa = PBXGroup;
			children = (
				E07F3B5ACCDA172D2F983136 /* Pods-Swars.debug.xcconfig */,
				610B93CC254E7F765A0E2A0C /* Pods-Swars.release.xcconfig */,
			);
			name = Pods;
			sourceTree = "<group>";
		};
		1576A539FD523980F0065A86 /* Frameworks */ = {
			isa = PBXGroup;
			children = (
				38B36DA01CE2843B3D8FFAF7 /* Pods_Swars.framework */,
			);
			name = Frameworks;
			sourceTree = "<group>";
		};
		27437252202E78F6003855A7 /* Animations */ = {
			isa = PBXGroup;
			children = (
				27437253202E790E003855A7 /* Transitions */,
			);
			path = Animations;
			sourceTree = "<group>";
		};
		27437253202E790E003855A7 /* Transitions */ = {
			isa = PBXGroup;
			children = (
				27437254202E7917003855A7 /* FadeTransition.swift */,
			);
			path = Transitions;
			sourceTree = "<group>";
		};
		27715DE22030CE1700FC4686 /* Cells */ = {
			isa = PBXGroup;
			children = (
			);
			path = Cells;
			sourceTree = "<group>";
		};
		2779805F202E55D70085CFDF /* No Connectivity View Controller */ = {
			isa = PBXGroup;
			children = (
				27E58761202E6E25003E3138 /* View Controller */,
				27E58760202E6E1A003E3138 /* View Models */,
			);
			path = "No Connectivity View Controller";
			sourceTree = "<group>";
		};
		278810F0202E09F900064363 /* Resources */ = {
			isa = PBXGroup;
			children = (
				27AF6C6C202E014200F208DA /* Assets.xcassets */,
			);
			path = Resources;
			sourceTree = "<group>";
		};
		278810F1202E0A9300064363 /* Base View Controller */ = {
			isa = PBXGroup;
			children = (
				27E58765202E7263003E3138 /* View Models */,
				278810F2202E0AA500064363 /* BaseViewController.swift */,
			);
			path = "Base View Controller";
			sourceTree = "<group>";
		};
		278810F4202E27B700064363 /* Extensions */ = {
			isa = PBXGroup;
			children = (
				278810F9202E2C7300064363 /* NavigationController.swift */,
				27C457EE202F3877005A5AC6 /* String.swift */,
				27C45801202F4C7A005A5AC6 /* UICollectionView.swift */,
				27C45803202F4C88005A5AC6 /* UICollectionViewCell.swift */,
				278810F5202E27C300064363 /* UIColor.swift */,
				27C457FB202F3DF8005A5AC6 /* UITableView.swift */,
				27C457FF202F3E72005A5AC6 /* UITableViewCell.swift */,
				27437256202E7949003855A7 /* UIViewController.swift */,
			);
			path = Extensions;
			sourceTree = "<group>";
		};
		27AF6C57202E014200F208DA = {
			isa = PBXGroup;
			children = (
				27AF6C62202E014200F208DA /* Swars */,
				27AF6C61202E014200F208DA /* Products */,
				0B1AAC0E025D5727C475AE30 /* Pods */,
				1576A539FD523980F0065A86 /* Frameworks */,
			);
			sourceTree = "<group>";
		};
		27AF6C61202E014200F208DA /* Products */ = {
			isa = PBXGroup;
			children = (
				27AF6C60202E014200F208DA /* Swars.app */,
			);
			name = Products;
			sourceTree = "<group>";
		};
		27AF6C62202E014200F208DA /* Swars */ = {
			isa = PBXGroup;
			children = (
				27437252202E78F6003855A7 /* Animations */,
				27AF6C77202E049B00F208DA /* Application Delegate */,
				27C457F8202F3D5C005A5AC6 /* Enums */,
				278810F4202E27B700064363 /* Extensions */,
				27AF6C78202E04A400F208DA /* Models */,
				27C457EB202F3635005A5AC6 /* Network */,
				27E5875D202E5EC9003E3138 /* Protocols */,
				278810F0202E09F900064363 /* Resources */,
				27AF6C7A202E04B200F208DA /* Supporting Files */,
				27AF6C79202E04A800F208DA /* View Controllers */,
			);
			path = Swars;
			sourceTree = "<group>";
		};
		27AF6C77202E049B00F208DA /* Application Delegate */ = {
			isa = PBXGroup;
			children = (
				27AF6C63202E014200F208DA /* AppDelegate.swift */,
			);
			path = "Application Delegate";
			sourceTree = "<group>";
		};
		27AF6C78202E04A400F208DA /* Models */ = {
			isa = PBXGroup;
			children = (
				27C4580C202F55E4005A5AC6 /* Person.swift */,
				27C45817202F777F005A5AC6 /* PeoplePage.swift */,
				274BB1C5202FB0520085E868 /* Species.swift */,
				27B27F0820308346005DDEB6 /* Vehicle.swift */,
				27B27F0E20309518005DDEB6 /* Planet.swift */,
			);
			path = Models;
			sourceTree = "<group>";
		};
		27AF6C79202E04A800F208DA /* View Controllers */ = {
			isa = PBXGroup;
			children = (
				2779805F202E55D70085CFDF /* No Connectivity View Controller */,
				278810F1202E0A9300064363 /* Base View Controller */,
				27AF6C81202E06EA00F208DA /* About View Controller */,
				27AF6C80202E06E100F208DA /* People View Controller */,
				27AF6C7F202E056200F208DA /* RootViewController */,
			);
			path = "View Controllers";
			sourceTree = "<group>";
		};
		27AF6C7A202E04B200F208DA /* Supporting Files */ = {
			isa = PBXGroup;
			children = (
				27AF6C71202E014200F208DA /* Info.plist */,
			);
			path = "Supporting Files";
			sourceTree = "<group>";
		};
		27AF6C7F202E056200F208DA /* RootViewController */ = {
			isa = PBXGroup;
			children = (
				27AF6C7B202E055100F208DA /* RootViewController.swift */,
				27AF6C7C202E055100F208DA /* RootViewController.xib */,
			);
			path = RootViewController;
			sourceTree = "<group>";
		};
		27AF6C80202E06E100F208DA /* People View Controller */ = {
			isa = PBXGroup;
			children = (
				27C45805202F4FCA005A5AC6 /* Cells */,
				27B27EFE20307FE9005DDEB6 /* Person Details View Controller */,
				27C45812202F578F005A5AC6 /* View Controller */,
				27C45810202F5754005A5AC6 /* View Models */,
				27C45811202F5759005A5AC6 /* XIB */,
			);
			path = "People View Controller";
			sourceTree = "<group>";
		};
		27AF6C81202E06EA00F208DA /* About View Controller */ = {
			isa = PBXGroup;
			children = (
				27C45827202F99B5005A5AC6 /* XIB */,
				27C45826202F99B0005A5AC6 /* View Controller */,
				27C45825202F999B005A5AC6 /* View Models */,
				27C4581E202F974D005A5AC6 /* About Cell */,
				27C4581B202F902C005A5AC6 /* Profile Image */,
			);
			path = "About View Controller";
			sourceTree = "<group>";
		};
		27B27EFE20307FE9005DDEB6 /* Person Details View Controller */ = {
			isa = PBXGroup;
			children = (
				27715DE22030CE1700FC4686 /* Cells */,
				27B27F002030801C005DDEB6 /* View Controller */,
				27B27EFF20308016005DDEB6 /* View Model */,
				27B27F0120308023005DDEB6 /* XIB */,
			);
			path = "Person Details View Controller";
			sourceTree = "<group>";
		};
		27B27EFF20308016005DDEB6 /* View Model */ = {
			isa = PBXGroup;
			children = (
				27B27F0620308054005DDEB6 /* PersonDetailsViewModel.swift */,
			);
			path = "View Model";
			sourceTree = "<group>";
		};
		27B27F002030801C005DDEB6 /* View Controller */ = {
			isa = PBXGroup;
			children = (
				27B27F022030803C005DDEB6 /* PersonDetailsViewController.swift */,
			);
			path = "View Controller";
			sourceTree = "<group>";
		};
		27B27F0120308023005DDEB6 /* XIB */ = {
			isa = PBXGroup;
			children = (
				27B27F032030803C005DDEB6 /* PersonDetailsViewController.xib */,
			);
			path = XIB;
			sourceTree = "<group>";
		};
		27C457EB202F3635005A5AC6 /* Network */ = {
			isa = PBXGroup;
			children = (
				27C457EC202F3646005A5AC6 /* StarWarsAPI.swift */,
				27C457F0202F39B7005A5AC6 /* StarWarsNetwork.swift */,
				27C457F2202F3BF7005A5AC6 /* DataDependencies.swift */,
				27B27F0A203085E6005DDEB6 /* StarWarsDataManager.swift */,
				27715DE82031228E00FC4686 /* ExternalURLS.swift */,
			);
			path = Network;
			sourceTree = "<group>";
		};
		27C457F8202F3D5C005A5AC6 /* Enums */ = {
			isa = PBXGroup;
			children = (
				27C457F9202F3D75005A5AC6 /* Result.swift */,
				27B27F0C2030860D005DDEB6 /* DataManagerError.swift */,
			);
			path = Enums;
			sourceTree = "<group>";
		};
		27C45805202F4FCA005A5AC6 /* Cells */ = {
			isa = PBXGroup;
			children = (
				27C45813202F579C005A5AC6 /* Person Cell */,
			);
			path = Cells;
			sourceTree = "<group>";
		};
		27C4580E202F5738005A5AC6 /* View Models */ = {
			isa = PBXGroup;
			children = (
				27C4580A202F5510005A5AC6 /* PersonCellViewModel.swift */,
			);
			path = "View Models";
			sourceTree = "<group>";
		};
		27C4580F202F5746005A5AC6 /* XIB */ = {
			isa = PBXGroup;
			children = (
				27C45807202F5016005A5AC6 /* PersonCell.xib */,
			);
			path = XIB;
			sourceTree = "<group>";
		};
		27C45810202F5754005A5AC6 /* View Models */ = {
			isa = PBXGroup;
			children = (
				27C45815202F57FF005A5AC6 /* PeopleViewModel.swift */,
			);
			path = "View Models";
			sourceTree = "<group>";
		};
		27C45811202F5759005A5AC6 /* XIB */ = {
			isa = PBXGroup;
			children = (
				27AF6C83202E070100F208DA /* PeopleViewController.xib */,
			);
			path = XIB;
			sourceTree = "<group>";
		};
		27C45812202F578F005A5AC6 /* View Controller */ = {
			isa = PBXGroup;
			children = (
				27AF6C82202E070100F208DA /* PeopleViewController.swift */,
			);
			path = "View Controller";
			sourceTree = "<group>";
		};
		27C45813202F579C005A5AC6 /* Person Cell */ = {
			isa = PBXGroup;
			children = (
				27C4580F202F5746005A5AC6 /* XIB */,
				27C4580E202F5738005A5AC6 /* View Models */,
				27C45806202F5016005A5AC6 /* PersonCell.swift */,
			);
			path = "Person Cell";
			sourceTree = "<group>";
		};
		27C4581B202F902C005A5AC6 /* Profile Image */ = {
			isa = PBXGroup;
			children = (
				27C4581C202F9045005A5AC6 /* ProfileImageView.swift */,
			);
			path = "Profile Image";
			sourceTree = "<group>";
		};
		27C4581E202F974D005A5AC6 /* About Cell */ = {
			isa = PBXGroup;
			children = (
				27C4581F202F976F005A5AC6 /* AboutCell.swift */,
				27C45820202F976F005A5AC6 /* AboutCell.xib */,
				27C45823202F98EA005A5AC6 /* AboutCellViewModel.swift */,
			);
			path = "About Cell";
			sourceTree = "<group>";
		};
		27C45825202F999B005A5AC6 /* View Models */ = {
			isa = PBXGroup;
			children = (
				27C45828202F99C8005A5AC6 /* AboutViewModel.swift */,
			);
			path = "View Models";
			sourceTree = "<group>";
		};
		27C45826202F99B0005A5AC6 /* View Controller */ = {
			isa = PBXGroup;
			children = (
				27AF6C86202E070C00F208DA /* AboutViewController.swift */,
			);
			path = "View Controller";
			sourceTree = "<group>";
		};
		27C45827202F99B5005A5AC6 /* XIB */ = {
			isa = PBXGroup;
			children = (
				27AF6C87202E070C00F208DA /* AboutViewController.xib */,
			);
			path = XIB;
			sourceTree = "<group>";
		};
		27E5875D202E5EC9003E3138 /* Protocols */ = {
			isa = PBXGroup;
			children = (
				27C457F4202F3C66005A5AC6 /* DataDependencyProtocol.swift */,
				27C457FD202F3E55005A5AC6 /* Identifiable.swift */,
				27E5875E202E5ED7003E3138 /* ReachabilityProtocol.swift */,
				27C45819202F9006005A5AC6 /* Roundable.swift */,
			);
			path = Protocols;
			sourceTree = "<group>";
		};
		27E58760202E6E1A003E3138 /* View Models */ = {
			isa = PBXGroup;
			children = (
				27E58763202E6E49003E3138 /* NoConnectivityViewViewModel.swift */,
			);
			path = "View Models";
			sourceTree = "<group>";
		};
		27E58761202E6E25003E3138 /* View Controller */ = {
			isa = PBXGroup;
			children = (
				27E58762202E6E2D003E3138 /* XIB */,
				27798060202E55F80085CFDF /* NoConnectivityViewController.swift */,
			);
			path = "View Controller";
			sourceTree = "<group>";
		};
		27E58762202E6E2D003E3138 /* XIB */ = {
			isa = PBXGroup;
			children = (
				27798061202E55F80085CFDF /* NoConnectivityViewController.xib */,
			);
			path = XIB;
			sourceTree = "<group>";
		};
		27E58765202E7263003E3138 /* View Models */ = {
			isa = PBXGroup;
			children = (
				27E58766202E7270003E3138 /* BaseViewModel.swift */,
			);
			path = "View Models";
			sourceTree = "<group>";
		};
/* End PBXGroup section */

/* Begin PBXNativeTarget section */
		27AF6C5F202E014200F208DA /* Swars */ = {
			isa = PBXNativeTarget;
			buildConfigurationList = 27AF6C74202E014200F208DA /* Build configuration list for PBXNativeTarget "Swars" */;
			buildPhases = (
				7804EAE83688B025816CAC6C /* [CP] Check Pods Manifest.lock */,
				27AF6C5C202E014200F208DA /* Sources */,
				27AF6C5D202E014200F208DA /* Frameworks */,
				27AF6C5E202E014200F208DA /* Resources */,
				8A0527A2AE9999C0F7BBE336 /* [CP] Embed Pods Frameworks */,
				CE694AA2D54535A9B483D2F1 /* [CP] Copy Pods Resources */,
			);
			buildRules = (
			);
			dependencies = (
			);
			name = Swars;
			productName = Swars;
			productReference = 27AF6C60202E014200F208DA /* Swars.app */;
			productType = "com.apple.product-type.application";
		};
/* End PBXNativeTarget section */

/* Begin PBXProject section */
		27AF6C58202E014200F208DA /* Project object */ = {
			isa = PBXProject;
			attributes = {
				LastSwiftUpdateCheck = 0920;
				LastUpgradeCheck = 0920;
				ORGANIZATIONNAME = "Tiago Santos";
				TargetAttributes = {
					27AF6C5F202E014200F208DA = {
						CreatedOnToolsVersion = 9.2;
						ProvisioningStyle = Automatic;
					};
				};
			};
			buildConfigurationList = 27AF6C5B202E014200F208DA /* Build configuration list for PBXProject "Swars" */;
			compatibilityVersion = "Xcode 8.0";
			developmentRegion = en;
			hasScannedForEncodings = 0;
			knownRegions = (
				en,
				Base,
			);
			mainGroup = 27AF6C57202E014200F208DA;
			productRefGroup = 27AF6C61202E014200F208DA /* Products */;
			projectDirPath = "";
			projectRoot = "";
			targets = (
				27AF6C5F202E014200F208DA /* Swars */,
			);
		};
/* End PBXProject section */

/* Begin PBXResourcesBuildPhase section */
		27AF6C5E202E014200F208DA /* Resources */ = {
			isa = PBXResourcesBuildPhase;
			buildActionMask = 2147483647;
			files = (
				27C45822202F976F005A5AC6 /* AboutCell.xib in Resources */,
				27AF6C6D202E014200F208DA /* Assets.xcassets in Resources */,
				27AF6C85202E070100F208DA /* PeopleViewController.xib in Resources */,
				27798063202E55F80085CFDF /* NoConnectivityViewController.xib in Resources */,
				27B27F052030803C005DDEB6 /* PersonDetailsViewController.xib in Resources */,
				27AF6C7E202E055100F208DA /* RootViewController.xib in Resources */,
				27AF6C89202E070C00F208DA /* AboutViewController.xib in Resources */,
				27C45809202F5016005A5AC6 /* PersonCell.xib in Resources */,
			);
			runOnlyForDeploymentPostprocessing = 0;
		};
/* End PBXResourcesBuildPhase section */

/* Begin PBXShellScriptBuildPhase section */
		7804EAE83688B025816CAC6C /* [CP] Check Pods Manifest.lock */ = {
			isa = PBXShellScriptBuildPhase;
			buildActionMask = 2147483647;
			files = (
			);
			inputPaths = (
				"${PODS_PODFILE_DIR_PATH}/Podfile.lock",
				"${PODS_ROOT}/Manifest.lock",
			);
			name = "[CP] Check Pods Manifest.lock";
			outputPaths = (
				"$(DERIVED_FILE_DIR)/Pods-Swars-checkManifestLockResult.txt",
			);
			runOnlyForDeploymentPostprocessing = 0;
			shellPath = /bin/sh;
			shellScript = "diff \"${PODS_PODFILE_DIR_PATH}/Podfile.lock\" \"${PODS_ROOT}/Manifest.lock\" > /dev/null\nif [ $? != 0 ] ; then\n    # print error to STDERR\n    echo \"error: The sandbox is not in sync with the Podfile.lock. Run 'pod install' or update your CocoaPods installation.\" >&2\n    exit 1\nfi\n# This output is used by Xcode 'outputs' to avoid re-running this script phase.\necho \"SUCCESS\" > \"${SCRIPT_OUTPUT_FILE_0}\"\n";
			showEnvVarsInLog = 0;
		};
		8A0527A2AE9999C0F7BBE336 /* [CP] Embed Pods Frameworks */ = {
			isa = PBXShellScriptBuildPhase;
			buildActionMask = 2147483647;
			files = (
			);
			inputPaths = (
				"${SRCROOT}/Pods/Target Support Files/Pods-Swars/Pods-Swars-frameworks.sh",
				"${BUILT_PRODUCTS_DIR}/Alamofire/Alamofire.framework",
				"${BUILT_PRODUCTS_DIR}/Moya/Moya.framework",
				"${BUILT_PRODUCTS_DIR}/ReachabilitySwift/Reachability.framework",
				"${BUILT_PRODUCTS_DIR}/Result/Result.framework",
				"${BUILT_PRODUCTS_DIR}/RxCocoa/RxCocoa.framework",
				"${BUILT_PRODUCTS_DIR}/RxSwift/RxSwift.framework",
			);
			name = "[CP] Embed Pods Frameworks";
			outputPaths = (
				"${TARGET_BUILD_DIR}/${FRAMEWORKS_FOLDER_PATH}/Alamofire.framework",
				"${TARGET_BUILD_DIR}/${FRAMEWORKS_FOLDER_PATH}/Moya.framework",
				"${TARGET_BUILD_DIR}/${FRAMEWORKS_FOLDER_PATH}/Reachability.framework",
				"${TARGET_BUILD_DIR}/${FRAMEWORKS_FOLDER_PATH}/Result.framework",
				"${TARGET_BUILD_DIR}/${FRAMEWORKS_FOLDER_PATH}/RxCocoa.framework",
				"${TARGET_BUILD_DIR}/${FRAMEWORKS_FOLDER_PATH}/RxSwift.framework",
			);
			runOnlyForDeploymentPostprocessing = 0;
			shellPath = /bin/sh;
			shellScript = "\"${SRCROOT}/Pods/Target Support Files/Pods-Swars/Pods-Swars-frameworks.sh\"\n";
			showEnvVarsInLog = 0;
		};
		CE694AA2D54535A9B483D2F1 /* [CP] Copy Pods Resources */ = {
			isa = PBXShellScriptBuildPhase;
			buildActionMask = 2147483647;
			files = (
			);
			inputPaths = (
			);
			name = "[CP] Copy Pods Resources";
			outputPaths = (
			);
			runOnlyForDeploymentPostprocessing = 0;
			shellPath = /bin/sh;
			shellScript = "\"${SRCROOT}/Pods/Target Support Files/Pods-Swars/Pods-Swars-resources.sh\"\n";
			showEnvVarsInLog = 0;
		};
/* End PBXShellScriptBuildPhase section */

/* Begin PBXSourcesBuildPhase section */
		27AF6C5C202E014200F208DA /* Sources */ = {
			isa = PBXSourcesBuildPhase;
			buildActionMask = 2147483647;
			files = (
				27798062202E55F80085CFDF /* NoConnectivityViewController.swift in Sources */,
				27C457F1202F39B7005A5AC6 /* StarWarsNetwork.swift in Sources */,
				27B27F0B203085E6005DDEB6 /* StarWarsDataManager.swift in Sources */,
				27C45829202F99C8005A5AC6 /* AboutViewModel.swift in Sources */,
				27C45808202F5016005A5AC6 /* PersonCell.swift in Sources */,
				27C457FA202F3D75005A5AC6 /* Result.swift in Sources */,
				27E58767202E7270003E3138 /* BaseViewModel.swift in Sources */,
				27C45821202F976F005A5AC6 /* AboutCell.swift in Sources */,
				27C457FE202F3E55005A5AC6 /* Identifiable.swift in Sources */,
				274BB1C6202FB0520085E868 /* Species.swift in Sources */,
				27C457EF202F3877005A5AC6 /* String.swift in Sources */,
				278810F3202E0AA500064363 /* BaseViewController.swift in Sources */,
				27AF6C88202E070C00F208DA /* AboutViewController.swift in Sources */,
				27C45804202F4C88005A5AC6 /* UICollectionViewCell.swift in Sources */,
				27AF6C84202E070100F208DA /* PeopleViewController.swift in Sources */,
				278810FA202E2C7300064363 /* NavigationController.swift in Sources */,
				27C45802202F4C7A005A5AC6 /* UICollectionView.swift in Sources */,
				27AF6C64202E014200F208DA /* AppDelegate.swift in Sources */,
				27715DE92031228E00FC4686 /* ExternalURLS.swift in Sources */,
				27AF6C7D202E055100F208DA /* RootViewController.swift in Sources */,
				27C4580D202F55E4005A5AC6 /* Person.swift in Sources */,
				27C457FC202F3DF8005A5AC6 /* UITableView.swift in Sources */,
				278810F6202E27C300064363 /* UIColor.swift in Sources */,
				27C45818202F777F005A5AC6 /* PeoplePage.swift in Sources */,
				27B27F0920308346005DDEB6 /* Vehicle.swift in Sources */,
				27B27F0D2030860D005DDEB6 /* DataManagerError.swift in Sources */,
				27C457ED202F3646005A5AC6 /* StarWarsAPI.swift in Sources */,
				27437257202E7949003855A7 /* UIViewController.swift in Sources */,
				27C4580B202F5510005A5AC6 /* PersonCellViewModel.swift in Sources */,
				27E5875F202E5ED7003E3138 /* ReachabilityProtocol.swift in Sources */,
				27437255202E7917003855A7 /* FadeTransition.swift in Sources */,
				27C4581A202F9006005A5AC6 /* Roundable.swift in Sources */,
				27C457F3202F3BF7005A5AC6 /* DataDependencies.swift in Sources */,
				27C4581D202F9045005A5AC6 /* ProfileImageView.swift in Sources */,
				27B27F0F20309518005DDEB6 /* Planet.swift in Sources */,
				27C457F5202F3C66005A5AC6 /* DataDependencyProtocol.swift in Sources */,
				27C45824202F98EA005A5AC6 /* AboutCellViewModel.swift in Sources */,
				27B27F042030803C005DDEB6 /* PersonDetailsViewController.swift in Sources */,
				27C45816202F57FF005A5AC6 /* PeopleViewModel.swift in Sources */,
				27E58764202E6E49003E3138 /* NoConnectivityViewViewModel.swift in Sources */,
				27C45800202F3E72005A5AC6 /* UITableViewCell.swift in Sources */,
				27B27F0720308054005DDEB6 /* PersonDetailsViewModel.swift in Sources */,
			);
			runOnlyForDeploymentPostprocessing = 0;
		};
/* End PBXSourcesBuildPhase section */

/* Begin XCBuildConfiguration section */
		27AF6C72202E014200F208DA /* Debug */ = {
			isa = XCBuildConfiguration;
			buildSettings = {
				ALWAYS_SEARCH_USER_PATHS = NO;
				CLANG_ANALYZER_NONNULL = YES;
				CLANG_ANALYZER_NUMBER_OBJECT_CONVERSION = YES_AGGRESSIVE;
				CLANG_CXX_LANGUAGE_STANDARD = "gnu++14";
				CLANG_CXX_LIBRARY = "libc++";
				CLANG_ENABLE_MODULES = YES;
				CLANG_ENABLE_OBJC_ARC = YES;
				CLANG_WARN_BLOCK_CAPTURE_AUTORELEASING = YES;
				CLANG_WARN_BOOL_CONVERSION = YES;
				CLANG_WARN_COMMA = YES;
				CLANG_WARN_CONSTANT_CONVERSION = YES;
				CLANG_WARN_DIRECT_OBJC_ISA_USAGE = YES_ERROR;
				CLANG_WARN_DOCUMENTATION_COMMENTS = YES;
				CLANG_WARN_EMPTY_BODY = YES;
				CLANG_WARN_ENUM_CONVERSION = YES;
				CLANG_WARN_INFINITE_RECURSION = YES;
				CLANG_WARN_INT_CONVERSION = YES;
				CLANG_WARN_NON_LITERAL_NULL_CONVERSION = YES;
				CLANG_WARN_OBJC_LITERAL_CONVERSION = YES;
				CLANG_WARN_OBJC_ROOT_CLASS = YES_ERROR;
				CLANG_WARN_RANGE_LOOP_ANALYSIS = YES;
				CLANG_WARN_STRICT_PROTOTYPES = YES;
				CLANG_WARN_SUSPICIOUS_MOVE = YES;
				CLANG_WARN_UNGUARDED_AVAILABILITY = YES_AGGRESSIVE;
				CLANG_WARN_UNREACHABLE_CODE = YES;
				CLANG_WARN__DUPLICATE_METHOD_MATCH = YES;
				CODE_SIGN_IDENTITY = "iPhone Developer";
				COPY_PHASE_STRIP = NO;
				DEBUG_INFORMATION_FORMAT = dwarf;
				ENABLE_STRICT_OBJC_MSGSEND = YES;
				ENABLE_TESTABILITY = YES;
				GCC_C_LANGUAGE_STANDARD = gnu11;
				GCC_DYNAMIC_NO_PIC = NO;
				GCC_NO_COMMON_BLOCKS = YES;
				GCC_OPTIMIZATION_LEVEL = 0;
				GCC_PREPROCESSOR_DEFINITIONS = (
					"DEBUG=1",
					"$(inherited)",
				);
				GCC_WARN_64_TO_32_BIT_CONVERSION = YES;
				GCC_WARN_ABOUT_RETURN_TYPE = YES_ERROR;
				GCC_WARN_UNDECLARED_SELECTOR = YES;
				GCC_WARN_UNINITIALIZED_AUTOS = YES_AGGRESSIVE;
				GCC_WARN_UNUSED_FUNCTION = YES;
				GCC_WARN_UNUSED_VARIABLE = YES;
				IPHONEOS_DEPLOYMENT_TARGET = 11.2;
				MTL_ENABLE_DEBUG_INFO = YES;
				ONLY_ACTIVE_ARCH = YES;
				SDKROOT = iphoneos;
				SWIFT_ACTIVE_COMPILATION_CONDITIONS = DEBUG;
				SWIFT_OPTIMIZATION_LEVEL = "-Onone";
			};
			name = Debug;
		};
		27AF6C73202E014200F208DA /* Release */ = {
			isa = XCBuildConfiguration;
			buildSettings = {
				ALWAYS_SEARCH_USER_PATHS = NO;
				CLANG_ANALYZER_NONNULL = YES;
				CLANG_ANALYZER_NUMBER_OBJECT_CONVERSION = YES_AGGRESSIVE;
				CLANG_CXX_LANGUAGE_STANDARD = "gnu++14";
				CLANG_CXX_LIBRARY = "libc++";
				CLANG_ENABLE_MODULES = YES;
				CLANG_ENABLE_OBJC_ARC = YES;
				CLANG_WARN_BLOCK_CAPTURE_AUTORELEASING = YES;
				CLANG_WARN_BOOL_CONVERSION = YES;
				CLANG_WARN_COMMA = YES;
				CLANG_WARN_CONSTANT_CONVERSION = YES;
				CLANG_WARN_DIRECT_OBJC_ISA_USAGE = YES_ERROR;
				CLANG_WARN_DOCUMENTATION_COMMENTS = YES;
				CLANG_WARN_EMPTY_BODY = YES;
				CLANG_WARN_ENUM_CONVERSION = YES;
				CLANG_WARN_INFINITE_RECURSION = YES;
				CLANG_WARN_INT_CONVERSION = YES;
				CLANG_WARN_NON_LITERAL_NULL_CONVERSION = YES;
				CLANG_WARN_OBJC_LITERAL_CONVERSION = YES;
				CLANG_WARN_OBJC_ROOT_CLASS = YES_ERROR;
				CLANG_WARN_RANGE_LOOP_ANALYSIS = YES;
				CLANG_WARN_STRICT_PROTOTYPES = YES;
				CLANG_WARN_SUSPICIOUS_MOVE = YES;
				CLANG_WARN_UNGUARDED_AVAILABILITY = YES_AGGRESSIVE;
				CLANG_WARN_UNREACHABLE_CODE = YES;
				CLANG_WARN__DUPLICATE_METHOD_MATCH = YES;
				CODE_SIGN_IDENTITY = "iPhone Developer";
				COPY_PHASE_STRIP = NO;
				DEBUG_INFORMATION_FORMAT = "dwarf-with-dsym";
				ENABLE_NS_ASSERTIONS = NO;
				ENABLE_STRICT_OBJC_MSGSEND = YES;
				GCC_C_LANGUAGE_STANDARD = gnu11;
				GCC_NO_COMMON_BLOCKS = YES;
				GCC_WARN_64_TO_32_BIT_CONVERSION = YES;
				GCC_WARN_ABOUT_RETURN_TYPE = YES_ERROR;
				GCC_WARN_UNDECLARED_SELECTOR = YES;
				GCC_WARN_UNINITIALIZED_AUTOS = YES_AGGRESSIVE;
				GCC_WARN_UNUSED_FUNCTION = YES;
				GCC_WARN_UNUSED_VARIABLE = YES;
				IPHONEOS_DEPLOYMENT_TARGET = 11.2;
				MTL_ENABLE_DEBUG_INFO = NO;
				SDKROOT = iphoneos;
				SWIFT_OPTIMIZATION_LEVEL = "-Owholemodule";
				VALIDATE_PRODUCT = YES;
			};
			name = Release;
		};
		27AF6C75202E014200F208DA /* Debug */ = {
			isa = XCBuildConfiguration;
			baseConfigurationReference = E07F3B5ACCDA172D2F983136 /* Pods-Swars.debug.xcconfig */;
			buildSettings = {
				ASSETCATALOG_COMPILER_APPICON_NAME = AppIcon;
				CODE_SIGN_STYLE = Automatic;
				DEVELOPMENT_TEAM = 64E8842TP6;
				INFOPLIST_FILE = "Swars/Supporting Files/Info.plist";
				LD_RUNPATH_SEARCH_PATHS = "$(inherited) @executable_path/Frameworks";
				PRODUCT_BUNDLE_IDENTIFIER = "Tiago-Santos.Swars";
				PRODUCT_NAME = "$(TARGET_NAME)";
				SWIFT_VERSION = 4.0;
				TARGETED_DEVICE_FAMILY = "1,2";
			};
			name = Debug;
		};
		27AF6C76202E014200F208DA /* Release */ = {
			isa = XCBuildConfiguration;
			baseConfigurationReference = 610B93CC254E7F765A0E2A0C /* Pods-Swars.release.xcconfig */;
			buildSettings = {
				ASSETCATALOG_COMPILER_APPICON_NAME = AppIcon;
				CODE_SIGN_STYLE = Automatic;
				DEVELOPMENT_TEAM = 64E8842TP6;
				INFOPLIST_FILE = "Swars/Supporting Files/Info.plist";
				LD_RUNPATH_SEARCH_PATHS = "$(inherited) @executable_path/Frameworks";
				PRODUCT_BUNDLE_IDENTIFIER = "Tiago-Santos.Swars";
				PRODUCT_NAME = "$(TARGET_NAME)";
				SWIFT_VERSION = 4.0;
				TARGETED_DEVICE_FAMILY = "1,2";
			};
			name = Release;
		};
/* End XCBuildConfiguration section */

/* Begin XCConfigurationList section */
		27AF6C5B202E014200F208DA /* Build configuration list for PBXProject "Swars" */ = {
			isa = XCConfigurationList;
			buildConfigurations = (
				27AF6C72202E014200F208DA /* Debug */,
				27AF6C73202E014200F208DA /* Release */,
			);
			defaultConfigurationIsVisible = 0;
			defaultConfigurationName = Release;
		};
		27AF6C74202E014200F208DA /* Build configuration list for PBXNativeTarget "Swars" */ = {
			isa = XCConfigurationList;
			buildConfigurations = (
				27AF6C75202E014200F208DA /* Debug */,
				27AF6C76202E014200F208DA /* Release */,
			);
			defaultConfigurationIsVisible = 0;
			defaultConfigurationName = Release;
		};
/* End XCConfigurationList section */
	};
	rootObject = 27AF6C58202E014200F208DA /* Project object */;
}
